
Microsoft Visual Studio Solution File, Format Version 12.00
# Visual Studio 14
VisualStudioVersion = 14.0.25420.1
MinimumVisualStudioVersion = 10.0.40219.1
Project("{FAE04EC0-301F-11D3-BF4B-00C04F79EFBC}") = "WebsiteLaptop", "WebsiteLaptop\WebsiteLaptop.csproj", "{E4F00E5B-F936-4490-8DF5-FC1C6FE38D64}"
EndProject
Project("{FAE04EC0-301F-11D3-BF4B-00C04F79EFBC}") = "Model", "Model\Model.csproj", "{CC0F460A-3598-4F2C-BA18-084FEE8EF8F2}"
EndProject
Project("{FAE04EC0-301F-11D3-BF4B-00C04F79EFBC}") = "Dataaccess", "Dataaccess\Dataaccess.csproj", "{0BA656A6-B826-4954-8D41-274F41D847B6}"
EndProject
Project("{FAE04EC0-301F-11D3-BF4B-00C04F79EFBC}") = "Bussiness", "Bussiness\Bussiness.csproj", "{DB6C4FD6-4ECF-47B9-AB6C-E6B5E152E46B}"
EndProject
Global
	GlobalSection(SolutionConfigurationPlatforms) = preSolution
		Debug|Any CPU = Debug|Any CPU
		Release|Any CPU = Release|Any CPU
	EndGlobalSection
	GlobalSection(ProjectConfigurationPlatforms) = postSolution
		{E4F00E5B-F936-4490-8DF5-FC1C6FE38D64}.Debug|Any CPU.ActiveCfg = Debug|Any CPU
		{E4F00E5B-F936-4490-8DF5-FC1C6FE38D64}.Debug|Any CPU.Build.0 = Debug|Any CPU
		{E4F00E5B-F936-4490-8DF5-FC1C6FE38D64}.Release|Any CPU.ActiveCfg = Release|Any CPU
		{E4F00E5B-F936-4490-8DF5-FC1C6FE38D64}.Release|Any CPU.Build.0 = Release|Any CPU
		{CC0F460A-3598-4F2C-BA18-084FEE8EF8F2}.Debug|Any CPU.ActiveCfg = Debug|Any CPU
		{CC0F460A-3598-4F2C-BA18-084FEE8EF8F2}.Debug|Any CPU.Build.0 = Debug|Any CPU
		{CC0F460A-3598-4F2C-BA18-084FEE8EF8F2}.Release|Any CPU.ActiveCfg = Release|Any CPU
		{CC0F460A-3598-4F2C-BA18-084FEE8EF8F2}.Release|Any CPU.Build.0 = Release|Any CPU
		{0BA656A6-B826-4954-8D41-274F41D847B6}.Debug|Any CPU.ActiveCfg = Debug|Any CPU
		{0BA656A6-B826-4954-8D41-274F41D847B6}.Debug|Any CPU.Build.0 = Debug|Any CPU
		{0BA656A6-B826-4954-8D41-274F41D847B6}.Release|Any CPU.ActiveCfg = Release|Any CPU
		{0BA656A6-B826-4954-8D41-274F41D847B6}.Release|Any CPU.Build.0 = Release|Any CPU
		{DB6C4FD6-4ECF-47B9-AB6C-E6B5E152E46B}.Debug|Any CPU.ActiveCfg = Debug|Any CPU
		{DB6C4FD6-4ECF-47B9-AB6C-E6B5E152E46B}.Debug|Any CPU.Build.0 = Debug|Any CPU
		{DB6C4FD6-4ECF-47B9-AB6C-E6B5E152E46B}.Release|Any CPU.ActiveCfg = Release|Any CPU
		{DB6C4FD6-4ECF-47B9-AB6C-E6B5E152E46B}.Release|Any CPU.Build.0 = Release|Any CPU
	EndGlobalSection
	GlobalSection(SolutionProperties) = preSolution
		HideSolutionNode = FALSE
	EndGlobalSection
EndGlobal
